PODS:
  - Flutter (1.0.0)
  - flutter_swiftui_test (0.0.1):
    - Flutter
  - integration_test (0.0.1):
    - Flutter

DEPENDENCIES:
  - Flutter (from `Flutter`)
  - flutter_swiftui_test (from `.symlinks/plugins/flutter_swiftui_test/ios`)
  - integration_test (from `.symlinks/plugins/integration_test/ios`)

EXTERNAL SOURCES:
  Flutter:
    :path: Flutter
  flutter_swiftui_test:
    :path: ".symlinks/plugins/flutter_swiftui_test/ios"
  integration_test:
    :path: ".symlinks/plugins/integration_test/ios"

SPEC CHECKSUMS:
  Flutter: e0871f40cf51350855a761d2e70bf5af5b9b5de7
  flutter_swiftui_test: ddd6b0f43ed1ee37dad9f7299fda5b6f0dcb300e
  integration_test: 97cfe7f8fb18d2aee80c57b5aa78d83e743af373

PODFILE CHECKSUM: 654deecfd69a6ac2d6eaa5787bfd9b27239ed24c

COCOAPODS: 1.15.2
